// !$*UTF8*$!
{
	archiveVersion = 1;
	classes = {
	};
	objectVersion = 55;
	objects = {

/* Begin PBXBuildFile section */
		8B1577BE269DD5CE00073D0F /* AbilitiesView.swift in Sources */ = {isa = PBXBuildFile; fileRef = 8B1577BD269DD5CE00073D0F /* AbilitiesView.swift */; };
		8B1577C2269DE65300073D0F /* BasicFantasy.swift in Sources */ = {isa = PBXBuildFile; fileRef = 8B1577C1269DE65300073D0F /* BasicFantasy.swift */; };
		8B1577C6269DFC0100073D0F /* SavingThrowTable.swift in Sources */ = {isa = PBXBuildFile; fileRef = 8B1577C5269DFC0100073D0F /* SavingThrowTable.swift */; };
		8B157853269DFEF400073D0F /* SavingThrows.json in Resources */ = {isa = PBXBuildFile; fileRef = 8B1577C3269DFB5300073D0F /* SavingThrows.json */; };
		8B1578E1269EF47D00073D0F /* SavingThrowsView.swift in Sources */ = {isa = PBXBuildFile; fileRef = 8B1578E0269EF47D00073D0F /* SavingThrowsView.swift */; };
		8B1578E3269EFBEA00073D0F /* Context.swift in Sources */ = {isa = PBXBuildFile; fileRef = 8B1578E2269EFBEA00073D0F /* Context.swift */; };
		8B1578E5269EFDB100073D0F /* EditableStringView.swift in Sources */ = {isa = PBXBuildFile; fileRef = 8B1578E4269EFDB100073D0F /* EditableStringView.swift */; };
		8B1578E7269F06DD00073D0F /* EditableIntegerView.swift in Sources */ = {isa = PBXBuildFile; fileRef = 8B1578E6269F06DD00073D0F /* EditableIntegerView.swift */; };
		8B1578E9269F2A1E00073D0F /* GameRules.swift in Sources */ = {isa = PBXBuildFile; fileRef = 8B1578E8269F2A1E00073D0F /* GameRules.swift */; };
		8B184EEA26A1A0C500D4687E /* StatView.swift in Sources */ = {isa = PBXBuildFile; fileRef = 8B184EE926A1A0C500D4687E /* StatView.swift */; };
		8B184EEC26A1AC1600D4687E /* TypedView.swift in Sources */ = {isa = PBXBuildFile; fileRef = 8B184EEB26A1AC1600D4687E /* TypedView.swift */; };
		8B184EEE26A1AC1B00D4687E /* WeightCarriedView.swift in Sources */ = {isa = PBXBuildFile; fileRef = 8B184EED26A1AC1B00D4687E /* WeightCarriedView.swift */; };
		8B184EF026A1B6B900D4687E /* WeightCarried.swift in Sources */ = {isa = PBXBuildFile; fileRef = 8B184EEF26A1B6B900D4687E /* WeightCarried.swift */; };
		8B184EF226A1B7F400D4687E /* CharacterSheet.swift in Sources */ = {isa = PBXBuildFile; fileRef = 8B184EF126A1B7F400D4687E /* CharacterSheet.swift */; };
		8B184EFB26A1D5B100D4687E /* ItemTypes.json in Resources */ = {isa = PBXBuildFile; fileRef = 8B184EFA26A1D5B100D4687E /* ItemTypes.json */; };
		8B184EFD26A1DC7600D4687E /* ItemTypeView.swift in Sources */ = {isa = PBXBuildFile; fileRef = 8B184EFC26A1DC7600D4687E /* ItemTypeView.swift */; };
		8B184EFF26A1E3CF00D4687E /* InventoryItemView.swift in Sources */ = {isa = PBXBuildFile; fileRef = 8B184EFE26A1E3CF00D4687E /* InventoryItemView.swift */; };
		8B184F0926A5976100D4687E /* ItemTypeMenu.swift in Sources */ = {isa = PBXBuildFile; fileRef = 8B184F0826A5976100D4687E /* ItemTypeMenu.swift */; };
		8B1E857926A728F800E14DBD /* ItemIndex.swift in Sources */ = {isa = PBXBuildFile; fileRef = 8B1E857826A728F800E14DBD /* ItemIndex.swift */; };
		8B1E857F26A72D4100E14DBD /* CoreDataExtensions in Frameworks */ = {isa = PBXBuildFile; productRef = 8B1E857E26A72D4100E14DBD /* CoreDataExtensions */; };
		8B1E858426A8299500E14DBD /* Records in Frameworks */ = {isa = PBXBuildFile; productRef = 8B1E858326A8299500E14DBD /* Records */; };
		8B1E858726A8365A00E14DBD /* Records in Frameworks */ = {isa = PBXBuildFile; productRef = 8B1E858626A8365A00E14DBD /* Records */; };
		8BFAF4DD26A095000096893C /* SheetHeaderView.swift in Sources */ = {isa = PBXBuildFile; fileRef = 8BFAF4DC26A095000096893C /* SheetHeaderView.swift */; };
		8BFAF4DF26A097D50096893C /* InventoryView.swift in Sources */ = {isa = PBXBuildFile; fileRef = 8BFAF4DE26A097D50096893C /* InventoryView.swift */; };
		8BFDFDDB269DA25D0091F150 /* Tests_iOS.swift in Sources */ = {isa = PBXBuildFile; fileRef = 8BFDFDDA269DA25D0091F150 /* Tests_iOS.swift */; };
		8BFDFDE8269DA25D0091F150 /* SheetApp.swift in Sources */ = {isa = PBXBuildFile; fileRef = 8BFDFDC3269DA25B0091F150 /* SheetApp.swift */; };
		8BFDFDEA269DA25D0091F150 /* ContentView.swift in Sources */ = {isa = PBXBuildFile; fileRef = 8BFDFDC4269DA25B0091F150 /* ContentView.swift */; };
		8BFDFDEE269DA25D0091F150 /* Assets.xcassets in Resources */ = {isa = PBXBuildFile; fileRef = 8BFDFDC6269DA25D0091F150 /* Assets.xcassets */; };
		8BFDFE02269DA6BA0091F150 /* SheetView.swift in Sources */ = {isa = PBXBuildFile; fileRef = 8BFDFE01269DA6BA0091F150 /* SheetView.swift */; };
		8BFDFE10269DB3160091F150 /* IndexView.swift in Sources */ = {isa = PBXBuildFile; fileRef = 8BFDFE0F269DB3160091F150 /* IndexView.swift */; };
		8BFDFE22269DD01F0091F150 /* Localizable.strings in Resources */ = {isa = PBXBuildFile; fileRef = 8BFDFE20269DD01F0091F150 /* Localizable.strings */; };
/* End PBXBuildFile section */

/* Begin PBXContainerItemProxy section */
		8BFDFDD7269DA25D0091F150 /* PBXContainerItemProxy */ = {
			isa = PBXContainerItemProxy;
			containerPortal = 8BFDFDBC269DA25B0091F150 /* Project object */;
			proxyType = 1;
			remoteGlobalIDString = 8BFDFDCA269DA25D0091F150;
			remoteInfo = "Sheet (iOS)";
		};
/* End PBXContainerItemProxy section */

/* Begin PBXFileReference section */
		8B1577BD269DD5CE00073D0F /* AbilitiesView.swift */ = {isa = PBXFileReference; lastKnownFileType = sourcecode.swift; path = AbilitiesView.swift; sourceTree = "<group>"; };
		8B1577C1269DE65300073D0F /* BasicFantasy.swift */ = {isa = PBXFileReference; lastKnownFileType = sourcecode.swift; path = BasicFantasy.swift; sourceTree = "<group>"; };
		8B1577C3269DFB5300073D0F /* SavingThrows.json */ = {isa = PBXFileReference; lastKnownFileType = text.json; path = SavingThrows.json; sourceTree = "<group>"; };
		8B1577C5269DFC0100073D0F /* SavingThrowTable.swift */ = {isa = PBXFileReference; lastKnownFileType = sourcecode.swift; path = SavingThrowTable.swift; sourceTree = "<group>"; };
		8B1578E0269EF47D00073D0F /* SavingThrowsView.swift */ = {isa = PBXFileReference; lastKnownFileType = sourcecode.swift; path = SavingThrowsView.swift; sourceTree = "<group>"; };
		8B1578E2269EFBEA00073D0F /* Context.swift */ = {isa = PBXFileReference; lastKnownFileType = sourcecode.swift; path = Context.swift; sourceTree = "<group>"; };
		8B1578E4269EFDB100073D0F /* EditableStringView.swift */ = {isa = PBXFileReference; lastKnownFileType = sourcecode.swift; path = EditableStringView.swift; sourceTree = "<group>"; };
		8B1578E6269F06DD00073D0F /* EditableIntegerView.swift */ = {isa = PBXFileReference; lastKnownFileType = sourcecode.swift; path = EditableIntegerView.swift; sourceTree = "<group>"; };
		8B1578E8269F2A1E00073D0F /* GameRules.swift */ = {isa = PBXFileReference; lastKnownFileType = sourcecode.swift; path = GameRules.swift; sourceTree = "<group>"; };
		8B184EE926A1A0C500D4687E /* StatView.swift */ = {isa = PBXFileReference; lastKnownFileType = sourcecode.swift; path = StatView.swift; sourceTree = "<group>"; };
		8B184EEB26A1AC1600D4687E /* TypedView.swift */ = {isa = PBXFileReference; lastKnownFileType = sourcecode.swift; path = TypedView.swift; sourceTree = "<group>"; };
		8B184EED26A1AC1B00D4687E /* WeightCarriedView.swift */ = {isa = PBXFileReference; lastKnownFileType = sourcecode.swift; path = WeightCarriedView.swift; sourceTree = "<group>"; };
		8B184EEF26A1B6B900D4687E /* WeightCarried.swift */ = {isa = PBXFileReference; lastKnownFileType = sourcecode.swift; path = WeightCarried.swift; sourceTree = "<group>"; };
		8B184EF126A1B7F400D4687E /* CharacterSheet.swift */ = {isa = PBXFileReference; lastKnownFileType = sourcecode.swift; path = CharacterSheet.swift; sourceTree = "<group>"; };
		8B184EFA26A1D5B100D4687E /* ItemTypes.json */ = {isa = PBXFileReference; fileEncoding = 4; lastKnownFileType = text.json; path = ItemTypes.json; sourceTree = "<group>"; };
		8B184EFC26A1DC7600D4687E /* ItemTypeView.swift */ = {isa = PBXFileReference; lastKnownFileType = sourcecode.swift; path = ItemTypeView.swift; sourceTree = "<group>"; };
		8B184EFE26A1E3CF00D4687E /* InventoryItemView.swift */ = {isa = PBXFileReference; lastKnownFileType = sourcecode.swift; path = InventoryItemView.swift; sourceTree = "<group>"; };
		8B184F0826A5976100D4687E /* ItemTypeMenu.swift */ = {isa = PBXFileReference; lastKnownFileType = sourcecode.swift; path = ItemTypeMenu.swift; sourceTree = "<group>"; };
		8B1E857826A728F800E14DBD /* ItemIndex.swift */ = {isa = PBXFileReference; fileEncoding = 4; lastKnownFileType = sourcecode.swift; name = ItemIndex.swift; path = Source/ItemIndex.swift; sourceTree = SOURCE_ROOT; };
		8BFAF4DC26A095000096893C /* SheetHeaderView.swift */ = {isa = PBXFileReference; lastKnownFileType = sourcecode.swift; path = SheetHeaderView.swift; sourceTree = "<group>"; };
		8BFAF4DE26A097D50096893C /* InventoryView.swift */ = {isa = PBXFileReference; lastKnownFileType = sourcecode.swift; path = InventoryView.swift; sourceTree = "<group>"; };
		8BFDFDC3269DA25B0091F150 /* SheetApp.swift */ = {isa = PBXFileReference; lastKnownFileType = sourcecode.swift; path = SheetApp.swift; sourceTree = "<group>"; };
		8BFDFDC4269DA25B0091F150 /* ContentView.swift */ = {isa = PBXFileReference; lastKnownFileType = sourcecode.swift; path = ContentView.swift; sourceTree = "<group>"; };
		8BFDFDC6269DA25D0091F150 /* Assets.xcassets */ = {isa = PBXFileReference; lastKnownFileType = folder.assetcatalog; path = Assets.xcassets; sourceTree = "<group>"; };
		8BFDFDCB269DA25D0091F150 /* Sheet.app */ = {isa = PBXFileReference; explicitFileType = wrapper.application; includeInIndex = 0; path = Sheet.app; sourceTree = BUILT_PRODUCTS_DIR; };
		8BFDFDD6269DA25D0091F150 /* Tests iOS.xctest */ = {isa = PBXFileReference; explicitFileType = wrapper.cfbundle; includeInIndex = 0; path = "Tests iOS.xctest"; sourceTree = BUILT_PRODUCTS_DIR; };
		8BFDFDDA269DA25D0091F150 /* Tests_iOS.swift */ = {isa = PBXFileReference; lastKnownFileType = sourcecode.swift; path = Tests_iOS.swift; sourceTree = "<group>"; };
		8BFDFDE0269DA25D0091F150 /* Tests macOS.xctest */ = {isa = PBXFileReference; explicitFileType = wrapper.cfbundle; includeInIndex = 0; path = "Tests macOS.xctest"; sourceTree = BUILT_PRODUCTS_DIR; };
		8BFDFE01269DA6BA0091F150 /* SheetView.swift */ = {isa = PBXFileReference; lastKnownFileType = sourcecode.swift; path = SheetView.swift; sourceTree = "<group>"; };
		8BFDFE0B269DA8340091F150 /* Sheet.entitlements */ = {isa = PBXFileReference; lastKnownFileType = text.plist.entitlements; path = Sheet.entitlements; sourceTree = "<group>"; };
		8BFDFE0F269DB3160091F150 /* IndexView.swift */ = {isa = PBXFileReference; lastKnownFileType = sourcecode.swift; path = IndexView.swift; sourceTree = "<group>"; };
		8BFDFE21269DD01F0091F150 /* Base */ = {isa = PBXFileReference; lastKnownFileType = text.plist.strings; name = Base; path = Base.lproj/Localizable.strings; sourceTree = "<group>"; };
/* End PBXFileReference section */

/* Begin PBXFrameworksBuildPhase section */
		8BFDFDC8269DA25D0091F150 /* Frameworks */ = {
			isa = PBXFrameworksBuildPhase;
			buildActionMask = 2147483647;
			files = (
				8B1E858726A8365A00E14DBD /* Records in Frameworks */,
				8B1E857F26A72D4100E14DBD /* CoreDataExtensions in Frameworks */,
				8B1E858426A8299500E14DBD /* Records in Frameworks */,
			);
			runOnlyForDeploymentPostprocessing = 0;
		};
		8BFDFDD3269DA25D0091F150 /* Frameworks */ = {
			isa = PBXFrameworksBuildPhase;
			buildActionMask = 2147483647;
			files = (
			);
			runOnlyForDeploymentPostprocessing = 0;
		};
		8BFDFDDD269DA25D0091F150 /* Frameworks */ = {
			isa = PBXFrameworksBuildPhase;
			buildActionMask = 2147483647;
			files = (
			);
			runOnlyForDeploymentPostprocessing = 0;
		};
/* End PBXFrameworksBuildPhase section */

/* Begin PBXGroup section */
		8B1577C0269DD7F800073D0F /* Views */ = {
			isa = PBXGroup;
			children = (
				8BFDFDC4269DA25B0091F150 /* ContentView.swift */,
				8BFDFE01269DA6BA0091F150 /* SheetView.swift */,
				8BFAF4DC26A095000096893C /* SheetHeaderView.swift */,
				8B1577BD269DD5CE00073D0F /* AbilitiesView.swift */,
				8BFAF4DE26A097D50096893C /* InventoryView.swift */,
				8B184EFE26A1E3CF00D4687E /* InventoryItemView.swift */,
				8B1578E0269EF47D00073D0F /* SavingThrowsView.swift */,
				8BFDFE0F269DB3160091F150 /* IndexView.swift */,
				8B1578E4269EFDB100073D0F /* EditableStringView.swift */,
				8B184EEB26A1AC1600D4687E /* TypedView.swift */,
				8B184EED26A1AC1B00D4687E /* WeightCarriedView.swift */,
				8B184EFC26A1DC7600D4687E /* ItemTypeView.swift */,
				8B184F0826A5976100D4687E /* ItemTypeMenu.swift */,
				8B184EE926A1A0C500D4687E /* StatView.swift */,
				8B1578E6269F06DD00073D0F /* EditableIntegerView.swift */,
			);
			path = Views;
			sourceTree = "<group>";
		};
		8B1E857A26A72A0F00E14DBD /* Frameworks */ = {
			isa = PBXGroup;
			children = (
			);
			name = Frameworks;
			sourceTree = "<group>";
		};
		8BFDFDBB269DA25B0091F150 = {
			isa = PBXGroup;
			children = (
				8BFDFE0B269DA8340091F150 /* Sheet.entitlements */,
				8BFDFDC0269DA25B0091F150 /* Source */,
				8BFDFDD9269DA25D0091F150 /* Tests */,
				8BFDFDCC269DA25D0091F150 /* Products */,
				8B1E857A26A72A0F00E14DBD /* Frameworks */,
			);
			sourceTree = "<group>";
		};
		8BFDFDC0269DA25B0091F150 /* Source */ = {
			isa = PBXGroup;
			children = (
				8BFDFDC3269DA25B0091F150 /* SheetApp.swift */,
				8B1578E2269EFBEA00073D0F /* Context.swift */,
				8B1577C0269DD7F800073D0F /* Views */,
				8B1577C5269DFC0100073D0F /* SavingThrowTable.swift */,
				8B184EEF26A1B6B900D4687E /* WeightCarried.swift */,
				8B1577C1269DE65300073D0F /* BasicFantasy.swift */,
				8B184EF126A1B7F400D4687E /* CharacterSheet.swift */,
				8B1578E8269F2A1E00073D0F /* GameRules.swift */,
				8B184EFA26A1D5B100D4687E /* ItemTypes.json */,
				8B1E857826A728F800E14DBD /* ItemIndex.swift */,
				8BFDFE20269DD01F0091F150 /* Localizable.strings */,
				8B1577C3269DFB5300073D0F /* SavingThrows.json */,
				8BFDFDC6269DA25D0091F150 /* Assets.xcassets */,
			);
			path = Source;
			sourceTree = "<group>";
		};
		8BFDFDCC269DA25D0091F150 /* Products */ = {
			isa = PBXGroup;
			children = (
				8BFDFDCB269DA25D0091F150 /* Sheet.app */,
				8BFDFDD6269DA25D0091F150 /* Tests iOS.xctest */,
				8BFDFDE0269DA25D0091F150 /* Tests macOS.xctest */,
			);
			name = Products;
			sourceTree = "<group>";
		};
		8BFDFDD9269DA25D0091F150 /* Tests */ = {
			isa = PBXGroup;
			children = (
				8BFDFDDA269DA25D0091F150 /* Tests_iOS.swift */,
			);
			path = Tests;
			sourceTree = "<group>";
		};
/* End PBXGroup section */

/* Begin PBXNativeTarget section */
		8BFDFDCA269DA25D0091F150 /* Sheet */ = {
			isa = PBXNativeTarget;
			buildConfigurationList = 8BFDFDF2269DA25D0091F150 /* Build configuration list for PBXNativeTarget "Sheet" */;
			buildPhases = (
				8BFDFDC7269DA25D0091F150 /* Sources */,
				8BFDFDC8269DA25D0091F150 /* Frameworks */,
				8BFDFDC9269DA25D0091F150 /* Resources */,
			);
			buildRules = (
			);
			dependencies = (
			);
			name = Sheet;
			packageProductDependencies = (
				8B1E857E26A72D4100E14DBD /* CoreDataExtensions */,
				8B1E858326A8299500E14DBD /* Records */,
				8B1E858626A8365A00E14DBD /* Records */,
			);
			productName = "Sheet (iOS)";
			productReference = 8BFDFDCB269DA25D0091F150 /* Sheet.app */;
			productType = "com.apple.product-type.application";
		};
		8BFDFDD5269DA25D0091F150 /* Tests iOS */ = {
			isa = PBXNativeTarget;
			buildConfigurationList = 8BFDFDF8269DA25D0091F150 /* Build configuration list for PBXNativeTarget "Tests iOS" */;
			buildPhases = (
				8BFDFDD2269DA25D0091F150 /* Sources */,
				8BFDFDD3269DA25D0091F150 /* Frameworks */,
				8BFDFDD4269DA25D0091F150 /* Resources */,
			);
			buildRules = (
			);
			dependencies = (
				8BFDFDD8269DA25D0091F150 /* PBXTargetDependency */,
			);
			name = "Tests iOS";
			productName = "Tests iOS";
			productReference = 8BFDFDD6269DA25D0091F150 /* Tests iOS.xctest */;
			productType = "com.apple.product-type.bundle.ui-testing";
		};
		8BFDFDDF269DA25D0091F150 /* Tests macOS */ = {
			isa = PBXNativeTarget;
			buildConfigurationList = 8BFDFDFB269DA25D0091F150 /* Build configuration list for PBXNativeTarget "Tests macOS" */;
			buildPhases = (
				8BFDFDDC269DA25D0091F150 /* Sources */,
				8BFDFDDD269DA25D0091F150 /* Frameworks */,
				8BFDFDDE269DA25D0091F150 /* Resources */,
			);
			buildRules = (
			);
			dependencies = (
			);
			name = "Tests macOS";
			productName = "Tests macOS";
			productReference = 8BFDFDE0269DA25D0091F150 /* Tests macOS.xctest */;
			productType = "com.apple.product-type.bundle.ui-testing";
		};
/* End PBXNativeTarget section */

/* Begin PBXProject section */
		8BFDFDBC269DA25B0091F150 /* Project object */ = {
			isa = PBXProject;
			attributes = {
				BuildIndependentTargetsInParallel = 1;
				LastSwiftUpdateCheck = 1300;
				LastUpgradeCheck = 1300;
				ORGANIZATIONNAME = "Elegant Chaos";
				TargetAttributes = {
					8BFDFDCA269DA25D0091F150 = {
						CreatedOnToolsVersion = 13.0;
					};
					8BFDFDD5269DA25D0091F150 = {
						CreatedOnToolsVersion = 13.0;
						TestTargetID = 8BFDFDCA269DA25D0091F150;
					};
					8BFDFDDF269DA25D0091F150 = {
						CreatedOnToolsVersion = 13.0;
						TestTargetID = 8BFDFDD0269DA25D0091F150;
					};
				};
			};
			buildConfigurationList = 8BFDFDBF269DA25B0091F150 /* Build configuration list for PBXProject "Sheet" */;
			compatibilityVersion = "Xcode 13.0";
			developmentRegion = en;
			hasScannedForEncodings = 0;
			knownRegions = (
				en,
				Base,
			);
			mainGroup = 8BFDFDBB269DA25B0091F150;
			packageReferences = (
				8B1E857D26A72D4100E14DBD /* XCRemoteSwiftPackageReference "CoreDataExtensions" */,
				8B1E858526A8365A00E14DBD /* XCRemoteSwiftPackageReference "Records" */,
			);
			productRefGroup = 8BFDFDCC269DA25D0091F150 /* Products */;
			projectDirPath = "";
			projectRoot = "";
			targets = (
				8BFDFDCA269DA25D0091F150 /* Sheet */,
				8BFDFDD5269DA25D0091F150 /* Tests iOS */,
				8BFDFDDF269DA25D0091F150 /* Tests macOS */,
			);
		};
/* End PBXProject section */

/* Begin PBXResourcesBuildPhase section */
		8BFDFDC9269DA25D0091F150 /* Resources */ = {
			isa = PBXResourcesBuildPhase;
			buildActionMask = 2147483647;
			files = (
				8B157853269DFEF400073D0F /* SavingThrows.json in Resources */,
				8BFDFDEE269DA25D0091F150 /* Assets.xcassets in Resources */,
				8B184EFB26A1D5B100D4687E /* ItemTypes.json in Resources */,
				8BFDFE22269DD01F0091F150 /* Localizable.strings in Resources */,
			);
			runOnlyForDeploymentPostprocessing = 0;
		};
		8BFDFDD4269DA25D0091F150 /* Resources */ = {
			isa = PBXResourcesBuildPhase;
			buildActionMask = 2147483647;
			files = (
			);
			runOnlyForDeploymentPostprocessing = 0;
		};
		8BFDFDDE269DA25D0091F150 /* Resources */ = {
			isa = PBXResourcesBuildPhase;
			buildActionMask = 2147483647;
			files = (
			);
			runOnlyForDeploymentPostprocessing = 0;
		};
/* End PBXResourcesBuildPhase section */

/* Begin PBXSourcesBuildPhase section */
		8BFDFDC7269DA25D0091F150 /* Sources */ = {
			isa = PBXSourcesBuildPhase;
			buildActionMask = 2147483647;
			files = (
				8B1577C2269DE65300073D0F /* BasicFantasy.swift in Sources */,
				8BFAF4DD26A095000096893C /* SheetHeaderView.swift in Sources */,
				8BFAF4DF26A097D50096893C /* InventoryView.swift in Sources */,
				8B1578E3269EFBEA00073D0F /* Context.swift in Sources */,
				8BFDFDE8269DA25D0091F150 /* SheetApp.swift in Sources */,
				8B184EEE26A1AC1B00D4687E /* WeightCarriedView.swift in Sources */,
				8BFDFE02269DA6BA0091F150 /* SheetView.swift in Sources */,
				8B184F0926A5976100D4687E /* ItemTypeMenu.swift in Sources */,
				8B1578E7269F06DD00073D0F /* EditableIntegerView.swift in Sources */,
				8BFDFE10269DB3160091F150 /* IndexView.swift in Sources */,
				8B1578E5269EFDB100073D0F /* EditableStringView.swift in Sources */,
				8B1E857926A728F800E14DBD /* ItemIndex.swift in Sources */,
				8B184EFD26A1DC7600D4687E /* ItemTypeView.swift in Sources */,
				8B184EEC26A1AC1600D4687E /* TypedView.swift in Sources */,
				8B184EFF26A1E3CF00D4687E /* InventoryItemView.swift in Sources */,
				8B1577C6269DFC0100073D0F /* SavingThrowTable.swift in Sources */,
				8BFDFDEA269DA25D0091F150 /* ContentView.swift in Sources */,
				8B184EEA26A1A0C500D4687E /* StatView.swift in Sources */,
				8B184EF226A1B7F400D4687E /* CharacterSheet.swift in Sources */,
				8B1577BE269DD5CE00073D0F /* AbilitiesView.swift in Sources */,
				8B1578E1269EF47D00073D0F /* SavingThrowsView.swift in Sources */,
				8B1578E9269F2A1E00073D0F /* GameRules.swift in Sources */,
				8B184EF026A1B6B900D4687E /* WeightCarried.swift in Sources */,
			);
			runOnlyForDeploymentPostprocessing = 0;
		};
		8BFDFDD2269DA25D0091F150 /* Sources */ = {
			isa = PBXSourcesBuildPhase;
			buildActionMask = 2147483647;
			files = (
				8BFDFDDB269DA25D0091F150 /* Tests_iOS.swift in Sources */,
			);
			runOnlyForDeploymentPostprocessing = 0;
		};
		8BFDFDDC269DA25D0091F150 /* Sources */ = {
			isa = PBXSourcesBuildPhase;
			buildActionMask = 2147483647;
			files = (
			);
			runOnlyForDeploymentPostprocessing = 0;
		};
/* End PBXSourcesBuildPhase section */

/* Begin PBXTargetDependency section */
		8BFDFDD8269DA25D0091F150 /* PBXTargetDependency */ = {
			isa = PBXTargetDependency;
			target = 8BFDFDCA269DA25D0091F150 /* Sheet */;
			targetProxy = 8BFDFDD7269DA25D0091F150 /* PBXContainerItemProxy */;
		};
/* End PBXTargetDependency section */

/* Begin PBXVariantGroup section */
		8BFDFE20269DD01F0091F150 /* Localizable.strings */ = {
			isa = PBXVariantGroup;
			children = (
				8BFDFE21269DD01F0091F150 /* Base */,
			);
			name = Localizable.strings;
			sourceTree = "<group>";
		};
/* End PBXVariantGroup section */

/* Begin XCBuildConfiguration section */
		8BFDFDF0269DA25D0091F150 /* Debug */ = {
			isa = XCBuildConfiguration;
			buildSettings = {
				ALWAYS_SEARCH_USER_PATHS = NO;
				CLANG_ANALYZER_NONNULL = YES;
				CLANG_ANALYZER_NUMBER_OBJECT_CONVERSION = YES_AGGRESSIVE;
				CLANG_CXX_LANGUAGE_STANDARD = "gnu++14";
				CLANG_CXX_LIBRARY = "libc++";
				CLANG_ENABLE_MODULES = YES;
				CLANG_ENABLE_OBJC_ARC = YES;
				CLANG_ENABLE_OBJC_WEAK = YES;
				CLANG_WARN_BLOCK_CAPTURE_AUTORELEASING = YES;
				CLANG_WARN_BOOL_CONVERSION = YES;
				CLANG_WARN_COMMA = YES;
				CLANG_WARN_CONSTANT_CONVERSION = YES;
				CLANG_WARN_DEPRECATED_OBJC_IMPLEMENTATIONS = YES;
				CLANG_WARN_DIRECT_OBJC_ISA_USAGE = YES_ERROR;
				CLANG_WARN_DOCUMENTATION_COMMENTS = YES;
				CLANG_WARN_EMPTY_BODY = YES;
				CLANG_WARN_ENUM_CONVERSION = YES;
				CLANG_WARN_INFINITE_RECURSION = YES;
				CLANG_WARN_INT_CONVERSION = YES;
				CLANG_WARN_NON_LITERAL_NULL_CONVERSION = YES;
				CLANG_WARN_OBJC_IMPLICIT_RETAIN_SELF = YES;
				CLANG_WARN_OBJC_LITERAL_CONVERSION = YES;
				CLANG_WARN_OBJC_ROOT_CLASS = YES_ERROR;
				CLANG_WARN_QUOTED_INCLUDE_IN_FRAMEWORK_HEADER = YES;
				CLANG_WARN_RANGE_LOOP_ANALYSIS = YES;
				CLANG_WARN_STRICT_PROTOTYPES = YES;
				CLANG_WARN_SUSPICIOUS_MOVE = YES;
				CLANG_WARN_UNGUARDED_AVAILABILITY = YES_AGGRESSIVE;
				CLANG_WARN_UNREACHABLE_CODE = YES;
				CLANG_WARN__DUPLICATE_METHOD_MATCH = YES;
				COPY_PHASE_STRIP = NO;
				DEBUG_INFORMATION_FORMAT = dwarf;
				ENABLE_STRICT_OBJC_MSGSEND = YES;
				ENABLE_TESTABILITY = YES;
				GCC_C_LANGUAGE_STANDARD = gnu11;
				GCC_DYNAMIC_NO_PIC = NO;
				GCC_NO_COMMON_BLOCKS = YES;
				GCC_OPTIMIZATION_LEVEL = 0;
				GCC_PREPROCESSOR_DEFINITIONS = (
					"DEBUG=1",
					"$(inherited)",
				);
				GCC_WARN_64_TO_32_BIT_CONVERSION = YES;
				GCC_WARN_ABOUT_RETURN_TYPE = YES_ERROR;
				GCC_WARN_UNDECLARED_SELECTOR = YES;
				GCC_WARN_UNINITIALIZED_AUTOS = YES_AGGRESSIVE;
				GCC_WARN_UNUSED_FUNCTION = YES;
				GCC_WARN_UNUSED_VARIABLE = YES;
				MTL_ENABLE_DEBUG_INFO = INCLUDE_SOURCE;
				MTL_FAST_MATH = YES;
				ONLY_ACTIVE_ARCH = YES;
				SWIFT_ACTIVE_COMPILATION_CONDITIONS = DEBUG;
				SWIFT_OPTIMIZATION_LEVEL = "-Onone";
			};
			name = Debug;
		};
		8BFDFDF1269DA25D0091F150 /* Release */ = {
			isa = XCBuildConfiguration;
			buildSettings = {
				ALWAYS_SEARCH_USER_PATHS = NO;
				CLANG_ANALYZER_NONNULL = YES;
				CLANG_ANALYZER_NUMBER_OBJECT_CONVERSION = YES_AGGRESSIVE;
				CLANG_CXX_LANGUAGE_STANDARD = "gnu++14";
				CLANG_CXX_LIBRARY = "libc++";
				CLANG_ENABLE_MODULES = YES;
				CLANG_ENABLE_OBJC_ARC = YES;
				CLANG_ENABLE_OBJC_WEAK = YES;
				CLANG_WARN_BLOCK_CAPTURE_AUTORELEASING = YES;
				CLANG_WARN_BOOL_CONVERSION = YES;
				CLANG_WARN_COMMA = YES;
				CLANG_WARN_CONSTANT_CONVERSION = YES;
				CLANG_WARN_DEPRECATED_OBJC_IMPLEMENTATIONS = YES;
				CLANG_WARN_DIRECT_OBJC_ISA_USAGE = YES_ERROR;
				CLANG_WARN_DOCUMENTATION_COMMENTS = YES;
				CLANG_WARN_EMPTY_BODY = YES;
				CLANG_WARN_ENUM_CONVERSION = YES;
				CLANG_WARN_INFINITE_RECURSION = YES;
				CLANG_WARN_INT_CONVERSION = YES;
				CLANG_WARN_NON_LITERAL_NULL_CONVERSION = YES;
				CLANG_WARN_OBJC_IMPLICIT_RETAIN_SELF = YES;
				CLANG_WARN_OBJC_LITERAL_CONVERSION = YES;
				CLANG_WARN_OBJC_ROOT_CLASS = YES_ERROR;
				CLANG_WARN_QUOTED_INCLUDE_IN_FRAMEWORK_HEADER = YES;
				CLANG_WARN_RANGE_LOOP_ANALYSIS = YES;
				CLANG_WARN_STRICT_PROTOTYPES = YES;
				CLANG_WARN_SUSPICIOUS_MOVE = YES;
				CLANG_WARN_UNGUARDED_AVAILABILITY = YES_AGGRESSIVE;
				CLANG_WARN_UNREACHABLE_CODE = YES;
				CLANG_WARN__DUPLICATE_METHOD_MATCH = YES;
				COPY_PHASE_STRIP = NO;
				DEBUG_INFORMATION_FORMAT = "dwarf-with-dsym";
				ENABLE_NS_ASSERTIONS = NO;
				ENABLE_STRICT_OBJC_MSGSEND = YES;
				GCC_C_LANGUAGE_STANDARD = gnu11;
				GCC_NO_COMMON_BLOCKS = YES;
				GCC_WARN_64_TO_32_BIT_CONVERSION = YES;
				GCC_WARN_ABOUT_RETURN_TYPE = YES_ERROR;
				GCC_WARN_UNDECLARED_SELECTOR = YES;
				GCC_WARN_UNINITIALIZED_AUTOS = YES_AGGRESSIVE;
				GCC_WARN_UNUSED_FUNCTION = YES;
				GCC_WARN_UNUSED_VARIABLE = YES;
				MTL_ENABLE_DEBUG_INFO = NO;
				MTL_FAST_MATH = YES;
				SWIFT_COMPILATION_MODE = wholemodule;
				SWIFT_OPTIMIZATION_LEVEL = "-O";
			};
			name = Release;
		};
		8BFDFDF3269DA25D0091F150 /* Debug */ = {
			isa = XCBuildConfiguration;
			buildSettings = {
				ASSETCATALOG_COMPILER_APPICON_NAME = AppIcon;
				ASSETCATALOG_COMPILER_GLOBAL_ACCENT_COLOR_NAME = AccentColor;
				CODE_SIGN_ENTITLEMENTS = Sheet.entitlements;
				CODE_SIGN_STYLE = Automatic;
				CURRENT_PROJECT_VERSION = 1;
				DEVELOPMENT_TEAM = 2H48644JM2;
				ENABLE_PREVIEWS = YES;
				GENERATE_INFOPLIST_FILE = YES;
				INFOPLIST_KEY_UIApplicationSceneManifest_Generation = YES;
				INFOPLIST_KEY_UIApplicationSupportsIndirectInputEvents = YES;
				INFOPLIST_KEY_UILaunchScreen_Generation = YES;
				INFOPLIST_KEY_UISupportedInterfaceOrientations_iPad = "UIInterfaceOrientationPortrait UIInterfaceOrientationPortraitUpsideDown UIInterfaceOrientationLandscapeLeft UIInterfaceOrientationLandscapeRight";
				INFOPLIST_KEY_UISupportedInterfaceOrientations_iPhone = "UIInterfaceOrientationPortrait UIInterfaceOrientationLandscapeLeft UIInterfaceOrientationLandscapeRight";
				IPHONEOS_DEPLOYMENT_TARGET = 15.0;
				LD_RUNPATH_SEARCH_PATHS = (
					"$(inherited)",
					"@executable_path/Frameworks",
				);
				MARKETING_VERSION = 1.0;
				PRODUCT_BUNDLE_IDENTIFIER = com.elegantchaos.Sheet;
				PRODUCT_NAME = Sheet;
				SDKROOT = iphoneos;
				SUPPORTS_MACCATALYST = YES;
				SWIFT_EMIT_LOC_STRINGS = YES;
				SWIFT_VERSION = 5.0;
				TARGETED_DEVICE_FAMILY = "1,2,6";
			};
			name = Debug;
		};
		8BFDFDF4269DA25D0091F150 /* Release */ = {
			isa = XCBuildConfiguration;
			buildSettings = {
				ASSETCATALOG_COMPILER_APPICON_NAME = AppIcon;
				ASSETCATALOG_COMPILER_GLOBAL_ACCENT_COLOR_NAME = AccentColor;
				CODE_SIGN_ENTITLEMENTS = Sheet.entitlements;
				CODE_SIGN_STYLE = Automatic;
				CURRENT_PROJECT_VERSION = 1;
				DEVELOPMENT_TEAM = 2H48644JM2;
				ENABLE_PREVIEWS = YES;
				GENERATE_INFOPLIST_FILE = YES;
				INFOPLIST_KEY_UIApplicationSceneManifest_Generation = YES;
				INFOPLIST_KEY_UIApplicationSupportsIndirectInputEvents = YES;
				INFOPLIST_KEY_UILaunchScreen_Generation = YES;
				INFOPLIST_KEY_UISupportedInterfaceOrientations_iPad = "UIInterfaceOrientationPortrait UIInterfaceOrientationPortraitUpsideDown UIInterfaceOrientationLandscapeLeft UIInterfaceOrientationLandscapeRight";
				INFOPLIST_KEY_UISupportedInterfaceOrientations_iPhone = "UIInterfaceOrientationPortrait UIInterfaceOrientationLandscapeLeft UIInterfaceOrientationLandscapeRight";
				IPHONEOS_DEPLOYMENT_TARGET = 15.0;
				LD_RUNPATH_SEARCH_PATHS = (
					"$(inherited)",
					"@executable_path/Frameworks",
				);
				MARKETING_VERSION = 1.0;
				PRODUCT_BUNDLE_IDENTIFIER = com.elegantchaos.Sheet;
				PRODUCT_NAME = Sheet;
				SDKROOT = iphoneos;
				SUPPORTS_MACCATALYST = YES;
				SWIFT_EMIT_LOC_STRINGS = YES;
				SWIFT_VERSION = 5.0;
				TARGETED_DEVICE_FAMILY = "1,2,6";
				VALIDATE_PRODUCT = YES;
			};
			name = Release;
		};
		8BFDFDF9269DA25D0091F150 /* Debug */ = {
			isa = XCBuildConfiguration;
			buildSettings = {
				ALWAYS_EMBED_SWIFT_STANDARD_LIBRARIES = YES;
				CODE_SIGN_STYLE = Automatic;
				CURRENT_PROJECT_VERSION = 1;
				DEVELOPMENT_TEAM = 2H48644JM2;
				GENERATE_INFOPLIST_FILE = YES;
				IPHONEOS_DEPLOYMENT_TARGET = 15.0;
				LD_RUNPATH_SEARCH_PATHS = (
					"$(inherited)",
					"@executable_path/Frameworks",
					"@loader_path/Frameworks",
				);
				MARKETING_VERSION = 1.0;
				PRODUCT_BUNDLE_IDENTIFIER = "com.elegantchaos.Tests-iOS";
				PRODUCT_NAME = "$(TARGET_NAME)";
				SDKROOT = iphoneos;
				SWIFT_EMIT_LOC_STRINGS = NO;
				SWIFT_VERSION = 5.0;
				TARGETED_DEVICE_FAMILY = "1,2";
				TEST_TARGET_NAME = "Sheet (iOS)";
			};
			name = Debug;
		};
		8BFDFDFA269DA25D0091F150 /* Release */ = {
			isa = XCBuildConfiguration;
			buildSettings = {
				ALWAYS_EMBED_SWIFT_STANDARD_LIBRARIES = YES;
				CODE_SIGN_STYLE = Automatic;
				CURRENT_PROJECT_VERSION = 1;
				DEVELOPMENT_TEAM = 2H48644JM2;
				GENERATE_INFOPLIST_FILE = YES;
				IPHONEOS_DEPLOYMENT_TARGET = 15.0;
				LD_RUNPATH_SEARCH_PATHS = (
					"$(inherited)",
					"@executable_path/Frameworks",
					"@loader_path/Frameworks",
				);
				MARKETING_VERSION = 1.0;
				PRODUCT_BUNDLE_IDENTIFIER = "com.elegantchaos.Tests-iOS";
				PRODUCT_NAME = "$(TARGET_NAME)";
				SDKROOT = iphoneos;
				SWIFT_EMIT_LOC_STRINGS = NO;
				SWIFT_VERSION = 5.0;
				TARGETED_DEVICE_FAMILY = "1,2";
				TEST_TARGET_NAME = "Sheet (iOS)";
				VALIDATE_PRODUCT = YES;
			};
			name = Release;
		};
		8BFDFDFC269DA25D0091F150 /* Debug */ = {
			isa = XCBuildConfiguration;
			buildSettings = {
				ALWAYS_EMBED_SWIFT_STANDARD_LIBRARIES = YES;
				CODE_SIGN_STYLE = Automatic;
				COMBINE_HIDPI_IMAGES = YES;
				CURRENT_PROJECT_VERSION = 1;
				DEVELOPMENT_TEAM = 2H48644JM2;
				GENERATE_INFOPLIST_FILE = YES;
				LD_RUNPATH_SEARCH_PATHS = (
					"$(inherited)",
					"@executable_path/../Frameworks",
					"@loader_path/../Frameworks",
				);
				MACOSX_DEPLOYMENT_TARGET = 11.4;
				MARKETING_VERSION = 1.0;
				PRODUCT_BUNDLE_IDENTIFIER = "com.elegantchaos.Tests-macOS";
				PRODUCT_NAME = "$(TARGET_NAME)";
				SDKROOT = macosx;
				SWIFT_EMIT_LOC_STRINGS = NO;
				SWIFT_VERSION = 5.0;
				TEST_TARGET_NAME = "Sheet (macOS)";
			};
			name = Debug;
		};
		8BFDFDFD269DA25D0091F150 /* Release */ = {
			isa = XCBuildConfiguration;
			buildSettings = {
				ALWAYS_EMBED_SWIFT_STANDARD_LIBRARIES = YES;
				CODE_SIGN_STYLE = Automatic;
				COMBINE_HIDPI_IMAGES = YES;
				CURRENT_PROJECT_VERSION = 1;
				DEVELOPMENT_TEAM = 2H48644JM2;
				GENERATE_INFOPLIST_FILE = YES;
				LD_RUNPATH_SEARCH_PATHS = (
					"$(inherited)",
					"@executable_path/../Frameworks",
					"@loader_path/../Frameworks",
				);
				MACOSX_DEPLOYMENT_TARGET = 11.4;
				MARKETING_VERSION = 1.0;
				PRODUCT_BUNDLE_IDENTIFIER = "com.elegantchaos.Tests-macOS";
				PRODUCT_NAME = "$(TARGET_NAME)";
				SDKROOT = macosx;
				SWIFT_EMIT_LOC_STRINGS = NO;
				SWIFT_VERSION = 5.0;
				TEST_TARGET_NAME = "Sheet (macOS)";
			};
			name = Release;
		};
/* End XCBuildConfiguration section */

/* Begin XCConfigurationList section */
		8BFDFDBF269DA25B0091F150 /* Build configuration list for PBXProject "Sheet" */ = {
			isa = XCConfigurationList;
			buildConfigurations = (
				8BFDFDF0269DA25D0091F150 /* Debug */,
				8BFDFDF1269DA25D0091F150 /* Release */,
			);
			defaultConfigurationIsVisible = 0;
			defaultConfigurationName = Release;
		};
		8BFDFDF2269DA25D0091F150 /* Build configuration list for PBXNativeTarget "Sheet" */ = {
			isa = XCConfigurationList;
			buildConfigurations = (
				8BFDFDF3269DA25D0091F150 /* Debug */,
				8BFDFDF4269DA25D0091F150 /* Release */,
			);
			defaultConfigurationIsVisible = 0;
			defaultConfigurationName = Release;
		};
		8BFDFDF8269DA25D0091F150 /* Build configuration list for PBXNativeTarget "Tests iOS" */ = {
			isa = XCConfigurationList;
			buildConfigurations = (
				8BFDFDF9269DA25D0091F150 /* Debug */,
				8BFDFDFA269DA25D0091F150 /* Release */,
			);
			defaultConfigurationIsVisible = 0;
			defaultConfigurationName = Release;
		};
		8BFDFDFB269DA25D0091F150 /* Build configuration list for PBXNativeTarget "Tests macOS" */ = {
			isa = XCConfigurationList;
			buildConfigurations = (
				8BFDFDFC269DA25D0091F150 /* Debug */,
				8BFDFDFD269DA25D0091F150 /* Release */,
			);
			defaultConfigurationIsVisible = 0;
			defaultConfigurationName = Release;
		};
/* End XCConfigurationList section */

/* Begin XCRemoteSwiftPackageReference section */
		8B1E857D26A72D4100E14DBD /* XCRemoteSwiftPackageReference "CoreDataExtensions" */ = {
			isa = XCRemoteSwiftPackageReference;
			repositoryURL = "https://github.com/elegantchaos/CoreDataExtensions.git";
			requirement = {
				kind = upToNextMajorVersion;
				minimumVersion = 1.0.0;
			};
		};
		8B1E858526A8365A00E14DBD /* XCRemoteSwiftPackageReference "Records" */ = {
			isa = XCRemoteSwiftPackageReference;
			repositoryURL = "https://github.com/elegantchaos/Records.git";
			requirement = {
				kind = upToNextMajorVersion;
				minimumVersion = 1.0.0;
			};
		};
/* End XCRemoteSwiftPackageReference section */

/* Begin XCSwiftPackageProductDependency section */
		8B1E857E26A72D4100E14DBD /* CoreDataExtensions */ = {
			isa = XCSwiftPackageProductDependency;
			package = 8B1E857D26A72D4100E14DBD /* XCRemoteSwiftPackageReference "CoreDataExtensions" */;
			productName = CoreDataExtensions;
		};
		8B1E858326A8299500E14DBD /* Records */ = {
			isa = XCSwiftPackageProductDependency;
			productName = Records;
		};
		8B1E858626A8365A00E14DBD /* Records */ = {
			isa = XCSwiftPackageProductDependency;
			package = 8B1E858526A8365A00E14DBD /* XCRemoteSwiftPackageReference "Records" */;
			productName = Records;
		};
/* End XCSwiftPackageProductDependency section */
	};
	rootObject = 8BFDFDBC269DA25B0091F150 /* Project object */;
}
